
Microsoft Visual Studio Solution File, Format Version 12.00
# Visual Studio Version 16
VisualStudioVersion = 16.0.29230.47
MinimumVisualStudioVersion = 10.0.40219.1
Project("{FAE04EC0-301F-11D3-BF4B-00C04F79EFBC}") = "ClientApp", "ClientApp\ClientApp.csproj", "{DD3C9E70-DAC5-4AD0-AEAF-85D6F341E38D}"
EndProject
Global
	GlobalSection(SolutionConfigurationPlatforms) = preSolution
		Debug|Any CPU = Debug|Any CPU
		Release|Any CPU = Release|Any CPU
	EndGlobalSection
	GlobalSection(ProjectConfigurationPlatforms) = postSolution
		{DD3C9E70-DAC5-4AD0-AEAF-85D6F341E38D}.Debug|Any CPU.ActiveCfg = Debug|Any CPU
		{DD3C9E70-DAC5-4AD0-AEAF-85D6F341E38D}.Debug|Any CPU.Build.0 = Debug|Any CPU
		{DD3C9E70-DAC5-4AD0-AEAF-85D6F341E38D}.Release|Any CPU.ActiveCfg = Release|Any CPU
		{DD3C9E70-DAC5-4AD0-AEAF-85D6F341E38D}.Release|Any CPU.Build.0 = Release|Any CPU
	EndGlobalSection
	GlobalSection(SolutionProperties) = preSolution
		HideSolutionNode = FALSE
	EndGlobalSection
	GlobalSection(ExtensibilityGlobals) = postSolution
		SolutionGuid = {0857ED26-6EED-4A3D-A1C6-6059012BD983}
	EndGlobalSection
EndGlobal
